# THIS IS AN AUTOGENERATED FILE. DO NOT EDIT THIS FILE DIRECTLY.
# yarn lockfile v1


"@ccheever/crayon@^5.0.0":
  version "5.0.0"
  resolved "https://registry.yarnpkg.com/@ccheever/crayon/-/crayon-5.0.0.tgz#a7192753c1c25d7588ed01d6058c64c457a71c63"
  integrity sha1-pxknU8HCXXWI7QHWBYxkxFenHGM=
  dependencies:
    has-color "^0.1.7"
    strip-ansi "^0.2.1"

ansi-regex@^0.1.0:
  version "0.1.0"
  resolved "https://registry.yarnpkg.com/ansi-regex/-/ansi-regex-0.1.0.tgz#55ca60db6900857c423ae9297980026f941ed903"
  integrity sha1-Vcpg22kAhXxCOukpeYACb5Qe2QM=

array-map@0.0.0:
  version "0.0.0"
  resolved "https://registry.yarnpkg.com/array-map/-/array-map-0.0.0.tgz#88a2bab73d1cf7bcd5c1b118a003f66f665fa662"
  integrity sha1-iKK6tz0c97zVwbEYoAP2b2ZfpmI=

array-reduce@0.0.0:
  version "0.0.0"
  resolved "https://registry.yarnpkg.com/array-reduce/-/array-reduce-0.0.0.tgz#173899d3ffd1c7d9383e4479525dbe278cab5f2b"
  integrity sha1-FziZ0//Rx9k4PkR5Ul2+J4yrXys=

at-least-node@^1.0.0:
  version "1.0.0"
  resolved "https://registry.yarnpkg.com/at-least-node/-/at-least-node-1.0.0.tgz#602cd4b46e844ad4effc92a8011a3c46e0238dc2"
  integrity sha512-+q/t7Ekv1EDY2l6Gda6LLiX14rU9TV20Wa3ofeQmwPFZbOMo9DXrLbOjFaaclkXKWidIaopwAObQDqwWtGUjqg==

foreach@2.0.4:
  version "2.0.4"
  resolved "https://registry.yarnpkg.com/foreach/-/foreach-2.0.4.tgz#cc5d0d8ae1d46cc9a555c2682f910977859935df"
  integrity sha1-zF0NiuHUbMmlVcJoL5EJd4WZNd8=

fs-extra@^9.1.0:
  version "9.1.0"
  resolved "https://registry.yarnpkg.com/fs-extra/-/fs-extra-9.1.0.tgz#5954460c764a8da2094ba3554bf839e6b9a7c86d"
  integrity sha512-hcg3ZmepS30/7BSFqRvoo3DOMQu7IjqxO5nCDt+zM9XWjb33Wg7ziNT+Qvqbuc3+gWpzO02JubVyk2G4Zvo1OQ==
  dependencies:
    at-least-node "^1.0.0"
    graceful-fs "^4.2.0"
    jsonfile "^6.0.1"
    universalify "^2.0.0"

graceful-fs@^4.1.6, graceful-fs@^4.2.0:
  version "4.2.6"
  resolved "https://registry.yarnpkg.com/graceful-fs/-/graceful-fs-4.2.6.tgz#ff040b2b0853b23c3d31027523706f1885d76bee"
  integrity sha512-nTnJ528pbqxYanhpDYsi4Rd8MAeaBA67+RZ10CM1m3bTAVFEDcd5AuA4a6W5YkGZ1iNXHzZz8T6TBKLeBuNriQ==

has-color@^0.1.7:
  version "0.1.7"
  resolved "https://registry.yarnpkg.com/has-color/-/has-color-0.1.7.tgz#67144a5260c34fc3cca677d041daf52fe7b78b2f"
  integrity sha1-ZxRKUmDDT8PMpnfQQdr1L+e3iy8=

indexof@0.0.1:
  version "0.0.1"
  resolved "https://registry.yarnpkg.com/indexof/-/indexof-0.0.1.tgz#82dc336d232b9062179d05ab3293a66059fd435d"
  integrity sha1-gtwzbSMrkGIXnQWrMpOmYFn9Q10=

isarray@0.0.1:
  version "0.0.1"
  resolved "https://registry.yarnpkg.com/isarray/-/isarray-0.0.1.tgz#8a18acfca9a8f4177e09abfc6038939b05d1eedf"
  integrity sha1-ihis/Kmo9Bd+Cav8YDiTmwXR7t8=

json3@3.3.0:
  version "3.3.0"
  resolved "https://registry.yarnpkg.com/json3/-/json3-3.3.0.tgz#0e9e7f6c5d270b758929af4d6fefdc84bd66e259"
  integrity sha1-Dp5/bF0nC3WJKa9Nb+/chL1m4lk=

jsonfile@^6.0.1:
  version "6.1.0"
  resolved "https://registry.yarnpkg.com/jsonfile/-/jsonfile-6.1.0.tgz#bc55b2634793c679ec6403094eb13698a6ec0aae"
  integrity sha512-5dgndWOriYSm5cnYaJNhalLNDKOqFwyDB/rr1E9ZsGciGvKPs8R2xYGCacuf3z6K1YKDz182fd+fY3cn3pMqXQ==
  dependencies:
    universalify "^2.0.0"
  optionalDependencies:
    graceful-fs "^4.1.6"

object-keys@0.5.0:
  version "0.5.0"
  resolved "https://registry.yarnpkg.com/object-keys/-/object-keys-0.5.0.tgz#09e211f3e00318afc4f592e36e7cdc10d9ad7293"
  integrity sha1-CeIR8+ADGK/E9ZLjbnzcENmtcpM=

ramda-debug@^0.1.4:
  version "0.1.4"
  resolved "https://registry.yarnpkg.com/ramda-debug/-/ramda-debug-0.1.4.tgz#4b7d16d89e1f77c6e2c2ecac09613ce95f465932"
  integrity sha1-S30W2J4fd8biwuysCWE86V9GWTI=
  dependencies:
    "@ccheever/crayon" "^5.0.0"
    ramda "^0.21.0"
    text-hex "0.0.0"
    util-inspect "^0.1.8"

ramda@^0.21.0:
  version "0.21.0"
  resolved "https://registry.yarnpkg.com/ramda/-/ramda-0.21.0.tgz#a001abedb3ff61077d4ff1d577d44de77e8d0a35"
  integrity sha1-oAGr7bP/YQd9T/HVd9RN536NCjU=

ramda@^0.27.1:
  version "0.27.1"
  resolved "https://registry.yarnpkg.com/ramda/-/ramda-0.27.1.tgz#66fc2df3ef873874ffc2da6aa8984658abacf5c9"
  integrity sha512-PgIdVpn5y5Yns8vqb8FzBUEYn98V3xcPgawAkkgj0YJ0qDsnHCiNmZYfOGMgOvoB0eWFLpYbhxUR3mxfDIMvpw==

strip-ansi@^0.2.1:
  version "0.2.2"
  resolved "https://registry.yarnpkg.com/strip-ansi/-/strip-ansi-0.2.2.tgz#854d290c981525fc8c397a910b025ae2d54ffc08"
  integrity sha1-hU0pDJgVJfyMOXqRCwJa4tVP/Ag=
  dependencies:
    ansi-regex "^0.1.0"

text-hex@0.0.0:
  version "0.0.0"
  resolved "https://registry.yarnpkg.com/text-hex/-/text-hex-0.0.0.tgz#578fbc85a6a92636e42dd17b41d0218cce9eb2b3"
  integrity sha1-V4+8haapJjbkLdF7QdAhjM6esrM=

universalify@^2.0.0:
  version "2.0.0"
  resolved "https://registry.yarnpkg.com/universalify/-/universalify-2.0.0.tgz#75a4984efedc4b08975c5aeb73f530d02df25717"
  integrity sha512-hAZsKq7Yy11Zu1DE0OzWjw7nnLZmJZYTDZZyEFHZdUhV8FkH5MCfoU1XMaxXovpyW5nq5scPqq0ZDP9Zyl04oQ==

util-inspect@^0.1.8:
  version "0.1.8"
  resolved "https://registry.yarnpkg.com/util-inspect/-/util-inspect-0.1.8.tgz#2b39dbcd2d921f2d8430923caff40f4b5cea5db1"
  integrity sha1-KznbzS2SHy2EMJI8r/QPS1zqXbE=
  dependencies:
    array-map "0.0.0"
    array-reduce "0.0.0"
    foreach "2.0.4"
    indexof "0.0.1"
    isarray "0.0.1"
    json3 "3.3.0"
    object-keys "0.5.0"
